{
  "nodes": {
    "ambxst": {
      "inputs": {
        "axctl": "axctl",
        "nixpkgs": [
          "nixpkgs"
        ]
      },
      "locked": {
        "lastModified": 1779243039,
        "narHash": "sha256-0mL7cGtrW57K9DGCWGO0lyV5ZSPo6cEz9Lrri+/15kE=",
        "owner": "Axenide",
        "repo": "Ambxst",
        "rev": "989d923ff324693a2aadae12770a7bce6679d992",
        "type": "github"
      },
      "original": {
        "owner": "Axenide",
        "repo": "Ambxst",
        "type": "github"
      }
    },
    "ambxst-hm": {
      "inputs": {
        "ambxst": [
          "ambxst"
        ],
        "nixpkgs": [
          "nixpkgs"
        ]
      },
      "locked": {
        "lastModified": 1778963150,
        "narHash": "sha256-vYRVF8Skkj/jnVJdMkdvNvfVj2lO1mbLhL4yjA1JGRI=",
        "owner": "Passeriform",
        "repo": "Ambxst-hm-flake",
        "rev": "8cbd75ce5c84fd00d26090e51af51e32fd674b42",
        "type": "github"
      },
      "original": {
        "owner": "Passeriform",
        "repo": "Ambxst-hm-flake",
        "type": "github"
      }
    },
    "axctl": {
      "inputs": {
        "nixpkgs": [
          "ambxst",
          "nixpkgs"
        ]
      },
      "locked": {
        "lastModified": 1779243005,
        "narHash": "sha256-oDJEY0yeMUDFvCUTKW69/lzoVk6cuRPscT0myeKnvec=",
        "owner": "Axenide",
        "repo": "axctl",
        "rev": "e8ac14221379cc5a5c8565c510123e1c0b7dff01",
        "type": "github"
      },
      "original": {
        "owner": "Axenide",
        "repo": "axctl",
        "type": "github"
      }
    },
    "axosc": {
      "inputs": {
        "nixpkgs": [
          "nixpkgs"
        ]
      },
      "locked": {
        "lastModified": 1782568762,
        "narHash": "sha256-6/j1CE92+QcjpcPvevqhVKt1vSG6aafbm7Cl5viZ4XY=",
        "owner": "Passeriform",
        "repo": "axosc",
        "rev": "5e5fabe3a858af31b7e9787ea564b7f0867bcbc0",
        "type": "github"
      },
      "original": {
        "owner": "Passeriform",
        "repo": "axosc",
        "type": "github"
      }
    },
    "catppuccin-where-is-my-sddm-theme": {
      "inputs": {
        "nixpkgs": [
          "nixpkgs"
        ]
      },
      "locked": {
        "lastModified": 1728832510,
        "narHash": "sha256-f6d7bJoSbFzEhAIfilxNLQGtAMQWTtUTube/pTqP7AY=",
        "owner": "catppuccin",
        "repo": "where-is-my-sddm-theme",
        "rev": "82a36df79ab596b9fbe85c86d3c2f3a1e39433af",
        "type": "github"
      },
      "original": {
        "owner": "catppuccin",
        "repo": "where-is-my-sddm-theme",
        "type": "github"
      }
    },
    "flake-compat": {
      "locked": {
        "lastModified": 1733328505,
        "narHash": "sha256-NeCCThCEP3eCl2l/+27kNNK7QrwZB1IJCrXfrbv5oqU=",
        "rev": "ff81ac966bb2cae68946d5ed5fc4994f96d0ffec",
        "revCount": 69,
        "type": "tarball",
        "url": "https://api.flakehub.com/f/pinned/edolstra/flake-compat/1.1.0/01948eb7-9cba-704f-bbf3-3fa956735b52/source.tar.gz"
      },
      "original": {
        "type": "tarball",
        "url": "https://flakehub.com/f/edolstra/flake-compat/1.tar.gz"
      }
    },
    "flake-parts": {
      "inputs": {
        "nixpkgs-lib": "nixpkgs-lib"
      },
      "locked": {
        "lastModified": 1778716662,
        "narHash": "sha256-m1Yf0wZ8j1OHjTc2UwHwyQRSnNeSgLJOd7q5Y45hzi4=",
        "owner": "hercules-ci",
        "repo": "flake-parts",
        "rev": "f7c1a2d347e4c52d5fb8d10cb4d94b5884e546fb",
        "type": "github"
      },
      "original": {
        "owner": "hercules-ci",
        "repo": "flake-parts",
        "type": "github"
      }
    },
    "flake-utils": {
      "inputs": {
        "systems": [
          "yazi-plugins",
          "systems"
        ]
      },
      "locked": {
        "lastModified": 1731533236,
        "narHash": "sha256-l0KFg5HjrsfsO/JpG+r7fRrqm12kzFHyUHqHCVpMMbI=",
        "owner": "numtide",
        "repo": "flake-utils",
        "rev": "11707dc2f618dd54ca8739b309ec4fc024de578b",
        "type": "github"
      },
      "original": {
        "owner": "numtide",
        "repo": "flake-utils",
        "type": "github"
      }
    },
    "flake-utils-plus": {
      "inputs": {
        "flake-utils": [
          "yazi-plugins",
          "flake-utils"
        ]
      },
      "locked": {
        "lastModified": 1696281284,
        "narHash": "sha256-xcmtTmoiiAOSk4abifbtqVZk0iwBcqJfg47iUbkwhcE=",
        "owner": "gytis-ivaskevicius",
        "repo": "flake-utils-plus",
        "rev": "6cf1e312fb259693c4930d07ca3cbe1d07ef4a48",
        "type": "github"
      },
      "original": {
        "owner": "gytis-ivaskevicius",
        "ref": "v1.4.0",
        "repo": "flake-utils-plus",
        "type": "github"
      }
    },
    "haumea": {
      "inputs": {
        "nixpkgs": [
          "yazi-plugins",
          "nixpkgs"
        ]
      },
      "locked": {
        "lastModified": 1685133229,
        "narHash": "sha256-FePm/Gi9PBSNwiDFq3N+DWdfxFq0UKsVVTJS3cQPn94=",
        "owner": "nix-community",
        "repo": "haumea",
        "rev": "34dd58385092a23018748b50f9b23de6266dffc2",
        "type": "github"
      },
      "original": {
        "owner": "nix-community",
        "ref": "v0.2.2",
        "repo": "haumea",
        "type": "github"
      }
    },
    "home-manager": {
      "inputs": {
        "nixpkgs": [
          "nixpkgs"
        ]
      },
      "locked": {
        "lastModified": 1781981105,
        "narHash": "sha256-/1nNBbA7PrSQpTc9Qazkhl4kIPg+TNl0CjxS3UQJKlw=",
        "owner": "nix-community",
        "repo": "home-manager",
        "rev": "7bfff44b465909f69a442701293bc0badcf476dc",
        "type": "github"
      },
      "original": {
        "owner": "nix-community",
        "ref": "release-26.05",
        "repo": "home-manager",
        "type": "github"
      }
    },
    "nix-index-database": {
      "inputs": {
        "nixpkgs": [
          "nixpkgs"
        ]
      },
      "locked": {
        "lastModified": 1782030356,
        "narHash": "sha256-h4WpMr455AfRub0FXBaon6Vcpe0waUyJ4GivIW6oyd4=",
        "owner": "nix-community",
        "repo": "nix-index-database",
        "rev": "3017088b49efd404f78e3b104f553b97e4af786b",
        "type": "github"
      },
      "original": {
        "owner": "nix-community",
        "repo": "nix-index-database",
        "type": "github"
      }
    },
    "nix-vscode-extensions": {
      "inputs": {
        "nixpkgs": [
          "nixpkgs"
        ]
      },
      "locked": {
        "lastModified": 1782532666,
        "narHash": "sha256-UWJ9jcV/Vpwwx13850hE35rht7y/5YImnFdRIXD2aw4=",
        "owner": "nix-community",
        "repo": "nix-vscode-extensions",
        "rev": "fbc9c3086bbd1ec1ea7e4b8318ad446e853ccf79",
        "type": "github"
      },
      "original": {
        "owner": "nix-community",
        "repo": "nix-vscode-extensions",
        "type": "github"
      }
    },
    "nixcord": {
      "inputs": {
        "flake-compat": "flake-compat",
        "flake-parts": "flake-parts",
        "nixpkgs": [
          "nixpkgs"
        ],
        "nixpkgs-nixcord": [
          "nixpkgs"
        ]
      },
      "locked": {
        "lastModified": 1782551196,
        "narHash": "sha256-xJPv6ioXUDJuDwrN7K8pNhjj0wenxxlcY0LVCJzBlsE=",
        "owner": "FlameFlag",
        "repo": "nixcord",
        "rev": "e11a63804bd1b2cd9fa6f203fb9a838137a5920a",
        "type": "github"
      },
      "original": {
        "owner": "FlameFlag",
        "repo": "nixcord",
        "type": "github"
      }
    },
    "nixos-hardware": {
      "inputs": {
        "nixpkgs": [
          "nixpkgs"
        ]
      },
      "locked": {
        "lastModified": 1782562157,
        "narHash": "sha256-a7+T6QSeowynwZ1ZJJbP8T8ntAytvrui8kFGJmIZt2c=",
        "owner": "NixOS",
        "repo": "nixos-hardware",
        "rev": "a9cf7546a938c737b079e738de73934a13de9784",
        "type": "github"
      },
      "original": {
        "owner": "NixOS",
        "ref": "master",
        "repo": "nixos-hardware",
        "type": "github"
      }
    },
    "nixpkgs": {
      "locked": {
        "lastModified": 1782375420,
        "narHash": "sha256-wiPYmEuHbJvleW489n6+lamL7JSJg3pcKUYwURU9CkI=",
        "owner": "nixos",
        "repo": "nixpkgs",
        "rev": "4062d36ebeae843c750011eef6b61ec9a9dbc9a9",
        "type": "github"
      },
      "original": {
        "owner": "nixos",
        "ref": "nixos-26.05",
        "repo": "nixpkgs",
        "type": "github"
      }
    },
    "nixpkgs-lib": {
      "locked": {
        "lastModified": 1777168982,
        "narHash": "sha256-GOkGPcboWE9BmGCRMLX3worL4EMnsnG8MyKmXNeYuhQ=",
        "owner": "nix-community",
        "repo": "nixpkgs.lib",
        "rev": "f5901329dade4a6ea039af1433fb087bd9c1fe14",
        "type": "github"
      },
      "original": {
        "owner": "nix-community",
        "repo": "nixpkgs.lib",
        "type": "github"
      }
    },
    "root": {
      "inputs": {
        "ambxst": "ambxst",
        "ambxst-hm": "ambxst-hm",
        "axosc": "axosc",
        "catppuccin-where-is-my-sddm-theme": "catppuccin-where-is-my-sddm-theme",
        "home-manager": "home-manager",
        "nix-index-database": "nix-index-database",
        "nix-vscode-extensions": "nix-vscode-extensions",
        "nixcord": "nixcord",
        "nixos-hardware": "nixos-hardware",
        "nixpkgs": "nixpkgs",
        "spicetify-nix": "spicetify-nix",
        "systems": "systems",
        "yazi-plugins": "yazi-plugins",
        "zen-addons": "zen-addons",
        "zen-browser": "zen-browser"
      }
    },
    "spicetify-nix": {
      "inputs": {
        "nixpkgs": [
          "nixpkgs"
        ],
        "systems": [
          "systems"
        ]
      },
      "locked": {
        "lastModified": 1782031037,
        "narHash": "sha256-a7oWSyS7SN81UOqVt481yIEMDsMpaJ7GNdV6Eaz5Yqg=",
        "owner": "Gerg-L",
        "repo": "spicetify-nix",
        "rev": "9cb27462cfd20edac174353f1e95bc03aa888863",
        "type": "github"
      },
      "original": {
        "owner": "Gerg-L",
        "repo": "spicetify-nix",
        "type": "github"
      }
    },
    "systems": {
      "locked": {
        "lastModified": 1681028828,
        "narHash": "sha256-Vy1rq5AaRuLzOxct8nz4T6wlgyUR7zLU309k9mBC768=",
        "owner": "nix-systems",
        "repo": "default",
        "rev": "da67096a3b9bf56a91d16901293e51ba5b49a27e",
        "type": "github"
      },
      "original": {
        "owner": "nix-systems",
        "repo": "default",
        "type": "github"
      }
    },
    "yazi-plugins": {
      "inputs": {
        "flake-utils": "flake-utils",
        "flake-utils-plus": "flake-utils-plus",
        "haumea": "haumea",
        "nixpkgs": [
          "nixpkgs"
        ],
        "systems": [
          "systems"
        ]
      },
      "locked": {
        "lastModified": 1775414913,
        "narHash": "sha256-XtBqlNB1B50EuRfpNI4egecM7dcbuPWF+uYpvMrMx/s=",
        "owner": "lordkekz",
        "repo": "nix-yazi-plugins",
        "rev": "a0caa6cbd1b6dbed93e42c215a28edf493fa191a",
        "type": "github"
      },
      "original": {
        "owner": "lordkekz",
        "repo": "nix-yazi-plugins",
        "type": "github"
      }
    },
    "zen-addons": {
      "inputs": {
        "nixpkgs": [
          "nixpkgs"
        ]
      },
      "locked": {
        "dir": "pkgs/firefox-addons",
        "lastModified": 1782532968,
        "narHash": "sha256-nRE0OA58F9UtlZkAzfggrLfTcXhqvP89pE5CCIgujBk=",
        "owner": "rycee",
        "repo": "nur-expressions",
        "rev": "06aa41fb8e537b83fab322ff2c9444ecc5bbe720",
        "type": "gitlab"
      },
      "original": {
        "dir": "pkgs/firefox-addons",
        "owner": "rycee",
        "repo": "nur-expressions",
        "type": "gitlab"
      }
    },
    "zen-browser": {
      "inputs": {
        "home-manager": [
          "home-manager"
        ],
        "nixpkgs": [
          "nixpkgs"
        ]
      },
      "locked": {
        "lastModified": 1782554936,
        "narHash": "sha256-tH3MNTu/o2xzYXnRYsl9/Q5k6mjIrcqWZ+qbqzdN2L8=",
        "owner": "0xc000022070",
        "repo": "zen-browser-flake",
        "rev": "b3df24cd84ddecf5f13c48be9bdd99cf3bc7e1dc",
        "type": "github"
      },
      "original": {
        "owner": "0xc000022070",
        "repo": "zen-browser-flake",
        "type": "github"
      }
    }
  },
  "root": "root",
  "version": 7
}
